{
	"name": "@pixi-essentials/types",
	"version": "0.0.1-alpha.0",
	"lockfileVersion": 1,
	"requires": true,
	"dependencies": {
		"@pixi/accessibility": {
			"version": "5.2.4",
			"resolved": "https://registry.npmjs.org/@pixi/accessibility/-/accessibility-5.2.4.tgz",
			"integrity": "sha512-NaHYuUqD4vmYRTvleQpR2Rc7mYHgreX+WYCXYa8gQghoTa1J1zfbFvYJaby3gubuVmNG2eyzjlKIVUeIrVuJCg==",
			"dev": true,
			"requires": {
				"@pixi/core": "5.2.4",
				"@pixi/display": "5.2.4",
				"@pixi/utils": "5.2.4"
			}
		},
		"@pixi/app": {
			"version": "5.2.4",
			"resolved": "https://registry.npmjs.org/@pixi/app/-/app-5.2.4.tgz",
			"integrity": "sha512-3BSp1uZJUnctTqsvmVqIRXwS0Uq2GInVvWmrZQF7+6O5neADVX4Ba7ENh7CnmuPXnMPmwxt1788I20aUi3ld1Q==",
			"dev": true,
			"requires": {
				"@pixi/core": "5.2.4",
				"@pixi/display": "5.2.4"
			}
		},
		"@pixi/constants": {
			"version": "5.2.4",
			"resolved": "https://registry.npmjs.org/@pixi/constants/-/constants-5.2.4.tgz",
			"integrity": "sha512-+sMfU57VTQb5DkDtndCBg3PzyC8NxZJvg/R76tuopkZZ5AgI4aAE6hNMs0JzvalzYNIampzwpdZ1gz5UKvL1dQ==",
			"dev": true
		},
		"@pixi/core": {
			"version": "5.2.4",
			"resolved": "https://registry.npmjs.org/@pixi/core/-/core-5.2.4.tgz",
			"integrity": "sha512-3RXoqtMqCGZFDLNiBp1l6HAnnNvKsCn3D4m3NvrrIhcaPFxD8bSPZaHEaTq6BaStOGWhpofRy+RLtFfYciQLiA==",
			"dev": true,
			"requires": {
				"@pixi/constants": "5.2.4",
				"@pixi/display": "5.2.4",
				"@pixi/math": "5.2.4",
				"@pixi/runner": "5.2.4",
				"@pixi/settings": "5.2.4",
				"@pixi/ticker": "5.2.4",
				"@pixi/utils": "5.2.4"
			}
		},
		"@pixi/display": {
			"version": "5.2.4",
			"resolved": "https://registry.npmjs.org/@pixi/display/-/display-5.2.4.tgz",
			"integrity": "sha512-VndYAcumBeHCJuUZ4HaCTFZ4+T7Ncemam9FcAsMqlu3P9BCu8LMuARv0lLKWIV0jz+nBF7qKzLfpJoNYF64Mgw==",
			"dev": true,
			"requires": {
				"@pixi/math": "5.2.4",
				"@pixi/settings": "5.2.4",
				"@pixi/utils": "5.2.4"
			}
		},
		"@pixi/extract": {
			"version": "5.2.4",
			"resolved": "https://registry.npmjs.org/@pixi/extract/-/extract-5.2.4.tgz",
			"integrity": "sha512-en9ZIa+9k0owQxQPj5U5jT1GaDAAqOn5mlF6Pn6xXOkRi8npUnpj1zpNtcG0kn8ZMufJVmyyI33lMl6NPzLzsQ==",
			"dev": true,
			"requires": {
				"@pixi/core": "5.2.4",
				"@pixi/math": "5.2.4",
				"@pixi/utils": "5.2.4"
			}
		},
		"@pixi/filter-alpha": {
			"version": "5.2.4",
			"resolved": "https://registry.npmjs.org/@pixi/filter-alpha/-/filter-alpha-5.2.4.tgz",
			"integrity": "sha512-WdQyqPUM60z16pXH+aAWwy/Xrfx/Qgb9kf3GRAQq77WsxbrFVY/DGfakxNa+jDuSlS4fBIKx66iLnoLlOzA6iQ==",
			"dev": true,
			"requires": {
				"@pixi/core": "5.2.4"
			}
		},
		"@pixi/filter-blur": {
			"version": "5.2.4",
			"resolved": "https://registry.npmjs.org/@pixi/filter-blur/-/filter-blur-5.2.4.tgz",
			"integrity": "sha512-9uDr7QIRpuhxdZsO76AddIP2x2MbcQvErQjmjQEfLsectbCLdkRWjHPoLzFfARb58lNzT0Pe5EMVPI91usa1pA==",
			"dev": true,
			"requires": {
				"@pixi/core": "5.2.4",
				"@pixi/settings": "5.2.4"
			}
		},
		"@pixi/filter-color-matrix": {
			"version": "5.2.4",
			"resolved": "https://registry.npmjs.org/@pixi/filter-color-matrix/-/filter-color-matrix-5.2.4.tgz",
			"integrity": "sha512-3JQVtKb43SLticOWhIoWWykNCh2MK/wb4/p88LYew3kAUyfA2glZ+t2moYC3HAye3tsrc155go6m7Hqabpl/yQ==",
			"dev": true,
			"requires": {
				"@pixi/core": "5.2.4"
			}
		},
		"@pixi/filter-displacement": {
			"version": "5.2.4",
			"resolved": "https://registry.npmjs.org/@pixi/filter-displacement/-/filter-displacement-5.2.4.tgz",
			"integrity": "sha512-nDQ6PcVbHcs0EJu5chtqzI6gF92K34JgfUSrr5pnLwwzbwr2/KQjgRPyRXLLv2rj/HU8pzNLzqRXBWP4qewu6w==",
			"dev": true,
			"requires": {
				"@pixi/core": "5.2.4",
				"@pixi/math": "5.2.4"
			}
		},
		"@pixi/filter-fxaa": {
			"version": "5.2.4",
			"resolved": "https://registry.npmjs.org/@pixi/filter-fxaa/-/filter-fxaa-5.2.4.tgz",
			"integrity": "sha512-sikOIA6iw/9MejbFL6AZqO6KP9l6QyXYUH2RQVk7zGG75aps4zVXPHgUnz9aT1YASuaWBVP9+ViQPdW2NM5a6g==",
			"dev": true,
			"requires": {
				"@pixi/core": "5.2.4"
			}
		},
		"@pixi/filter-noise": {
			"version": "5.2.4",
			"resolved": "https://registry.npmjs.org/@pixi/filter-noise/-/filter-noise-5.2.4.tgz",
			"integrity": "sha512-VcI16NVwrFIDRlLke+BZQid96rKxysTavL/qexa7uHxnxxOwdXthpBA/uOQ6eNde4DJyeBAhnyldUM9ydPeOXQ==",
			"dev": true,
			"requires": {
				"@pixi/core": "5.2.4"
			}
		},
		"@pixi/graphics": {
			"version": "5.2.4",
			"resolved": "https://registry.npmjs.org/@pixi/graphics/-/graphics-5.2.4.tgz",
			"integrity": "sha512-jASQ2M9+Zzm4GmBE+h6lw30xY/0N1GjAn2Dxd8LJZoeeUjAoVQYbN1CavecPGMRW/Rd0QkkHB5B8iWqZX2Uuxg==",
			"dev": true,
			"requires": {
				"@pixi/constants": "5.2.4",
				"@pixi/core": "5.2.4",
				"@pixi/display": "5.2.4",
				"@pixi/math": "5.2.4",
				"@pixi/sprite": "5.2.4",
				"@pixi/utils": "5.2.4"
			}
		},
		"@pixi/interaction": {
			"version": "5.2.4",
			"resolved": "https://registry.npmjs.org/@pixi/interaction/-/interaction-5.2.4.tgz",
			"integrity": "sha512-c6EzDRcCFmixpRuwY4xIr9I0ppxmkp8b8mP3qSwvMkY5vsMXazhshhtw0SwTA5mdG6vGV93DnZIevFr+qLvA/Q==",
			"dev": true,
			"requires": {
				"@pixi/core": "5.2.4",
				"@pixi/display": "5.2.4",
				"@pixi/math": "5.2.4",
				"@pixi/ticker": "5.2.4",
				"@pixi/utils": "5.2.4"
			}
		},
		"@pixi/loaders": {
			"version": "5.2.4",
			"resolved": "https://registry.npmjs.org/@pixi/loaders/-/loaders-5.2.4.tgz",
			"integrity": "sha512-MeQd59+sB1ZGhpKGY0w3Ef8cFiWm/yv22MDVM3Hqg1VCu81NjiUrJUGUGALIU8CXI3NfiT+J1zyddslmyJJZjQ==",
			"dev": true,
			"requires": {
				"@pixi/core": "5.2.4",
				"@pixi/utils": "5.2.4",
				"resource-loader": "^3.0.1"
			}
		},
		"@pixi/math": {
			"version": "5.2.4",
			"resolved": "https://registry.npmjs.org/@pixi/math/-/math-5.2.4.tgz",
			"integrity": "sha512-X7tRbNYuc8c/2GyUhe7togF5rflyU4k9ny8aRmvmIHZsJGFU0w+DmCSCnrHm7b6sQvhu6pXQPGQUADPOBtvb+g==",
			"dev": true
		},
		"@pixi/mesh": {
			"version": "5.2.4",
			"resolved": "https://registry.npmjs.org/@pixi/mesh/-/mesh-5.2.4.tgz",
			"integrity": "sha512-OS/KcPgftOh6eE4ZHyC3dCc8nNbOXOq0Va69kwUTfHZLi63vjz03hXiYY/KRJ4tds9+/zCjLeLoBBglqLBBuvg==",
			"dev": true,
			"requires": {
				"@pixi/constants": "5.2.4",
				"@pixi/core": "5.2.4",
				"@pixi/display": "5.2.4",
				"@pixi/math": "5.2.4",
				"@pixi/settings": "5.2.4",
				"@pixi/utils": "5.2.4"
			}
		},
		"@pixi/mesh-extras": {
			"version": "5.2.4",
			"resolved": "https://registry.npmjs.org/@pixi/mesh-extras/-/mesh-extras-5.2.4.tgz",
			"integrity": "sha512-WQ7H5K4TMeAQyiUJfzZ5UuKY0GF+6JHazhaAc2DhnF5gz2CdvmL0qOiQ4Dad21+VfKzbhC66fP2YfvMHIrWRuw==",
			"dev": true,
			"requires": {
				"@pixi/constants": "5.2.4",
				"@pixi/core": "5.2.4",
				"@pixi/math": "5.2.4",
				"@pixi/mesh": "5.2.4",
				"@pixi/utils": "5.2.4"
			}
		},
		"@pixi/mixin-cache-as-bitmap": {
			"version": "5.2.4",
			"resolved": "https://registry.npmjs.org/@pixi/mixin-cache-as-bitmap/-/mixin-cache-as-bitmap-5.2.4.tgz",
			"integrity": "sha512-Ec/GgqFbE3upEnLDfHCoKzGulozLRCRRXpzD3bS4uHjiZfOOdSYuPKb+UGSxvntAkEUv9k+AKff2+pEPLf15ag==",
			"dev": true,
			"requires": {
				"@pixi/core": "5.2.4",
				"@pixi/display": "5.2.4",
				"@pixi/math": "5.2.4",
				"@pixi/settings": "5.2.4",
				"@pixi/sprite": "5.2.4",
				"@pixi/utils": "5.2.4"
			}
		},
		"@pixi/mixin-get-child-by-name": {
			"version": "5.2.4",
			"resolved": "https://registry.npmjs.org/@pixi/mixin-get-child-by-name/-/mixin-get-child-by-name-5.2.4.tgz",
			"integrity": "sha512-ykAtO1T1q1nC/VFl2ieB2ivhoCmD7NU5mAvCp3sd1nx1bTnAXuwPkg6IAxvSkGMkDdL1rzmHBFS3SsggLs6GGg==",
			"dev": true,
			"requires": {
				"@pixi/display": "5.2.4"
			}
		},
		"@pixi/mixin-get-global-position": {
			"version": "5.2.4",
			"resolved": "https://registry.npmjs.org/@pixi/mixin-get-global-position/-/mixin-get-global-position-5.2.4.tgz",
			"integrity": "sha512-JX3QD3kbxIabnAz+IJxzdO4NWipwiUbMg9ByrPs4Ni/4d8L62DnPG6DFwqbmMA+jsHDHpC1g+ITVpz6Slf0CcQ==",
			"dev": true,
			"requires": {
				"@pixi/display": "5.2.4",
				"@pixi/math": "5.2.4"
			}
		},
		"@pixi/particles": {
			"version": "5.2.4",
			"resolved": "https://registry.npmjs.org/@pixi/particles/-/particles-5.2.4.tgz",
			"integrity": "sha512-jjr63o1R0OVXKafmmrYLKxCDqqcfdZcwn2dPn4c22QCtRhIBclyFfcupXnIgDaV4WA9V+exa69+enE5pPEboRw==",
			"dev": true,
			"requires": {
				"@pixi/constants": "5.2.4",
				"@pixi/core": "5.2.4",
				"@pixi/display": "5.2.4",
				"@pixi/math": "5.2.4",
				"@pixi/utils": "5.2.4"
			}
		},
		"@pixi/polyfill": {
			"version": "5.2.4",
			"resolved": "https://registry.npmjs.org/@pixi/polyfill/-/polyfill-5.2.4.tgz",
			"integrity": "sha512-XCb1xnRxtGT3ZuvtNVmKrSNszpyuMRtGufqpD0fou3BhonWFscCXZfCvx+vVTSJcztJ4tfP3H7BeatY6dc72Ag==",
			"dev": true,
			"requires": {
				"es6-promise-polyfill": "^1.2.0",
				"object-assign": "^4.1.1"
			}
		},
		"@pixi/prepare": {
			"version": "5.2.4",
			"resolved": "https://registry.npmjs.org/@pixi/prepare/-/prepare-5.2.4.tgz",
			"integrity": "sha512-LqVvwBTbSGhJx5lqt5B1plgXGUHhRhWh1Ek+7uBrw10fbUfVb0kH1EUvWyt1wkuap2QKvy6ITzrHsg6pBU8JSQ==",
			"dev": true,
			"requires": {
				"@pixi/core": "5.2.4",
				"@pixi/display": "5.2.4",
				"@pixi/graphics": "5.2.4",
				"@pixi/settings": "5.2.4",
				"@pixi/text": "5.2.4",
				"@pixi/ticker": "5.2.4"
			}
		},
		"@pixi/runner": {
			"version": "5.2.4",
			"resolved": "https://registry.npmjs.org/@pixi/runner/-/runner-5.2.4.tgz",
			"integrity": "sha512-VLXZaldao2PT9vM/ea1H6nbUacokRqHbsBWvuJr5ugF+PLY9cGf6L5T6TGyNUuXp2b8RlIKeTxPig3kgL7CS2Q==",
			"dev": true
		},
		"@pixi/settings": {
			"version": "5.2.4",
			"resolved": "https://registry.npmjs.org/@pixi/settings/-/settings-5.2.4.tgz",
			"integrity": "sha512-jF8oYx5nXNi6D3PdIB2RAKnCrekZ4Xb81KvWSzId2TXTC9p71oMPUqiK8pogaLOhWBUdDsVNNdjiZO2ajTmwOQ==",
			"dev": true,
			"requires": {
				"ismobilejs": "^1.1.0"
			}
		},
		"@pixi/sprite": {
			"version": "5.2.4",
			"resolved": "https://registry.npmjs.org/@pixi/sprite/-/sprite-5.2.4.tgz",
			"integrity": "sha512-YsR3D/XxU4XQLXB/MkZ5sSkM24EK1TDBbTSAHjbXJR+PgrP1ZE2oA0MuUwjug4BqZdJH3BTUUZKfUfwY8grXuA==",
			"dev": true,
			"requires": {
				"@pixi/constants": "5.2.4",
				"@pixi/core": "5.2.4",
				"@pixi/display": "5.2.4",
				"@pixi/math": "5.2.4",
				"@pixi/settings": "5.2.4",
				"@pixi/utils": "5.2.4"
			}
		},
		"@pixi/sprite-animated": {
			"version": "5.2.4",
			"resolved": "https://registry.npmjs.org/@pixi/sprite-animated/-/sprite-animated-5.2.4.tgz",
			"integrity": "sha512-7+OoaHpLbHKAQe1wlY11u7gNu5KoNINJWGlsc7wFRHOW6QpNaOTaWyttpLQDfrLe0Z+rAawdqj0252nSKWRNPw==",
			"dev": true,
			"requires": {
				"@pixi/core": "5.2.4",
				"@pixi/sprite": "5.2.4",
				"@pixi/ticker": "5.2.4"
			}
		},
		"@pixi/sprite-tiling": {
			"version": "5.2.4",
			"resolved": "https://registry.npmjs.org/@pixi/sprite-tiling/-/sprite-tiling-5.2.4.tgz",
			"integrity": "sha512-eCI/L0PvsiEmASQfGH2Wxk0yh+Ze0sNJT5bID1FFZaeOLVvOuRG6dKxEF32RamB/yzrQUyOwQDMtw3Ec3ZY/YQ==",
			"dev": true,
			"requires": {
				"@pixi/constants": "5.2.4",
				"@pixi/core": "5.2.4",
				"@pixi/display": "5.2.4",
				"@pixi/math": "5.2.4",
				"@pixi/sprite": "5.2.4",
				"@pixi/utils": "5.2.4"
			}
		},
		"@pixi/spritesheet": {
			"version": "5.2.4",
			"resolved": "https://registry.npmjs.org/@pixi/spritesheet/-/spritesheet-5.2.4.tgz",
			"integrity": "sha512-ytmc5sHXE0BmQe+QZ6SlldmPEWsqADBPQuYG3PolYkpt9Kt54vLTpFQGxS3xFGi2kHmNaKeuNSRFvfAjASOdCA==",
			"dev": true,
			"requires": {
				"@pixi/core": "5.2.4",
				"@pixi/loaders": "5.2.4",
				"@pixi/math": "5.2.4",
				"@pixi/utils": "5.2.4"
			}
		},
		"@pixi/text": {
			"version": "5.2.4",
			"resolved": "https://registry.npmjs.org/@pixi/text/-/text-5.2.4.tgz",
			"integrity": "sha512-fxuqMuKZeiZYwCM8oJDN+wXCMt5kRWVOFDInXvUEdeR6rg369YAk3qJeSDIoPTxASJJLPJ5a7b87JsVibxxErg==",
			"dev": true,
			"requires": {
				"@pixi/core": "5.2.4",
				"@pixi/math": "5.2.4",
				"@pixi/settings": "5.2.4",
				"@pixi/sprite": "5.2.4",
				"@pixi/utils": "5.2.4"
			}
		},
		"@pixi/text-bitmap": {
			"version": "5.2.4",
			"resolved": "https://registry.npmjs.org/@pixi/text-bitmap/-/text-bitmap-5.2.4.tgz",
			"integrity": "sha512-D6XLAiVwE9NI4DWfmX4IEcfpt12ljUgRxXjXl1LM9mAVjWO2llbAvlT06w9QqJIOhncCs0QHM/ICxl22xE04hQ==",
			"dev": true,
			"requires": {
				"@pixi/core": "5.2.4",
				"@pixi/display": "5.2.4",
				"@pixi/loaders": "5.2.4",
				"@pixi/math": "5.2.4",
				"@pixi/settings": "5.2.4",
				"@pixi/sprite": "5.2.4",
				"@pixi/utils": "5.2.4"
			}
		},
		"@pixi/ticker": {
			"version": "5.2.4",
			"resolved": "https://registry.npmjs.org/@pixi/ticker/-/ticker-5.2.4.tgz",
			"integrity": "sha512-xM7kN+zhnv/q8WNrQ/EJKzmJBrhLcE7HtKFP2v0R3x7N76fqZu6a87C5ioNqJ8rKTThZ8wDOQ2sCN0tlapRFyg==",
			"dev": true,
			"requires": {
				"@pixi/settings": "5.2.4"
			}
		},
		"@pixi/utils": {
			"version": "5.2.4",
			"resolved": "https://registry.npmjs.org/@pixi/utils/-/utils-5.2.4.tgz",
			"integrity": "sha512-n/HFBp5MJaF8vrGUbDcf6TuaUmEW07nv96Y0c6teHhnl942pg1XITogOugnU31sW81Z9ra1BG8D39zU4JU0oSA==",
			"dev": true,
			"requires": {
				"@pixi/constants": "5.2.4",
				"@pixi/settings": "5.2.4",
				"earcut": "^2.1.5",
				"eventemitter3": "^3.1.0",
				"url": "^0.11.0"
			}
		},
		"earcut": {
			"version": "2.2.2",
			"resolved": "https://registry.npmjs.org/earcut/-/earcut-2.2.2.tgz",
			"integrity": "sha512-eZoZPPJcUHnfRZ0PjLvx2qBordSiO8ofC3vt+qACLM95u+4DovnbYNpQtJh0DNsWj8RnxrQytD4WA8gj5cRIaQ==",
			"dev": true
		},
		"es6-promise-polyfill": {
			"version": "1.2.0",
			"resolved": "https://registry.npmjs.org/es6-promise-polyfill/-/es6-promise-polyfill-1.2.0.tgz",
			"integrity": "sha1-84kl8jyz4+jObNqP93T867sJDN4=",
			"dev": true
		},
		"eventemitter3": {
			"version": "3.1.2",
			"resolved": "https://registry.npmjs.org/eventemitter3/-/eventemitter3-3.1.2.tgz",
			"integrity": "sha512-tvtQIeLVHjDkJYnzf2dgVMxfuSGJeM/7UCG17TT4EumTfNtF+0nebF/4zWOIkCreAbtNqhGEboB6BWrwqNaw4Q==",
			"dev": true
		},
		"ismobilejs": {
			"version": "1.1.1",
			"resolved": "https://registry.npmjs.org/ismobilejs/-/ismobilejs-1.1.1.tgz",
			"integrity": "sha512-VaFW53yt8QO61k2WJui0dHf4SlL8lxBofUuUmwBo0ljPk0Drz2TiuDW4jo3wDcv41qy/SxrJ+VAzJ/qYqsmzRw==",
			"dev": true
		},
		"mini-signals": {
			"version": "1.2.0",
			"resolved": "https://registry.npmjs.org/mini-signals/-/mini-signals-1.2.0.tgz",
			"integrity": "sha1-RbCAE8X65RokqhqTXNMXye1yHXQ=",
			"dev": true
		},
		"object-assign": {
			"version": "4.1.1",
			"resolved": "https://registry.npmjs.org/object-assign/-/object-assign-4.1.1.tgz",
			"integrity": "sha1-IQmtx5ZYh8/AXLvUQsrIv7s2CGM=",
			"dev": true
		},
		"parse-uri": {
			"version": "1.0.0",
			"resolved": "https://registry.npmjs.org/parse-uri/-/parse-uri-1.0.0.tgz",
			"integrity": "sha1-KHLcwi8aeXrN4Vg9igrClVLdrCA=",
			"dev": true
		},
		"pixi.js": {
			"version": "5.2.4",
			"resolved": "https://registry.npmjs.org/pixi.js/-/pixi.js-5.2.4.tgz",
			"integrity": "sha512-QNmWPI1VscGleR2jUDiBlH9Lq8wh5mqi6K8RRUpW3O1xOXAKDTpD/TPA9EHzkYI9axag/AcChS7aiJVnwV2ytw==",
			"dev": true,
			"requires": {
				"@pixi/accessibility": "5.2.4",
				"@pixi/app": "5.2.4",
				"@pixi/constants": "5.2.4",
				"@pixi/core": "5.2.4",
				"@pixi/display": "5.2.4",
				"@pixi/extract": "5.2.4",
				"@pixi/filter-alpha": "5.2.4",
				"@pixi/filter-blur": "5.2.4",
				"@pixi/filter-color-matrix": "5.2.4",
				"@pixi/filter-displacement": "5.2.4",
				"@pixi/filter-fxaa": "5.2.4",
				"@pixi/filter-noise": "5.2.4",
				"@pixi/graphics": "5.2.4",
				"@pixi/interaction": "5.2.4",
				"@pixi/loaders": "5.2.4",
				"@pixi/math": "5.2.4",
				"@pixi/mesh": "5.2.4",
				"@pixi/mesh-extras": "5.2.4",
				"@pixi/mixin-cache-as-bitmap": "5.2.4",
				"@pixi/mixin-get-child-by-name": "5.2.4",
				"@pixi/mixin-get-global-position": "5.2.4",
				"@pixi/particles": "5.2.4",
				"@pixi/polyfill": "5.2.4",
				"@pixi/prepare": "5.2.4",
				"@pixi/runner": "5.2.4",
				"@pixi/settings": "5.2.4",
				"@pixi/sprite": "5.2.4",
				"@pixi/sprite-animated": "5.2.4",
				"@pixi/sprite-tiling": "5.2.4",
				"@pixi/spritesheet": "5.2.4",
				"@pixi/text": "5.2.4",
				"@pixi/text-bitmap": "5.2.4",
				"@pixi/ticker": "5.2.4",
				"@pixi/utils": "5.2.4"
			}
		},
		"punycode": {
			"version": "1.3.2",
			"resolved": "https://registry.npmjs.org/punycode/-/punycode-1.3.2.tgz",
			"integrity": "sha1-llOgNvt8HuQjQvIyXM7v6jkmxI0=",
			"dev": true
		},
		"querystring": {
			"version": "0.2.0",
			"resolved": "https://registry.npmjs.org/querystring/-/querystring-0.2.0.tgz",
			"integrity": "sha1-sgmEkgO7Jd+CDadW50cAWHhSFiA=",
			"dev": true
		},
		"resource-loader": {
			"version": "3.0.1",
			"resolved": "https://registry.npmjs.org/resource-loader/-/resource-loader-3.0.1.tgz",
			"integrity": "sha512-fBuCRbEHdLCI1eglzQhUv9Rrdcmqkydr1r6uHE2cYHvRBrcLXeSmbE/qI/urFt8rPr/IGxir3BUwM5kUK8XoyA==",
			"dev": true,
			"requires": {
				"mini-signals": "^1.2.0",
				"parse-uri": "^1.0.0"
			}
		},
		"url": {
			"version": "0.11.0",
			"resolved": "https://registry.npmjs.org/url/-/url-0.11.0.tgz",
			"integrity": "sha1-ODjpfPxgUh63PFJajlW/3Z4uKPE=",
			"dev": true,
			"requires": {
				"punycode": "1.3.2",
				"querystring": "0.2.0"
			}
		}
	}
}
