{
  "name": "pixi-essentials",
  "version": "1.0.0",
  "lockfileVersion": 1,
  "requires": true,
  "dependencies": {
    "d-path-parser": {
      "version": "1.0.0",
      "resolved": "https://registry.npmjs.org/d-path-parser/-/d-path-parser-1.0.0.tgz",
      "integrity": "sha1-h7+0G0TFWWK0775doxUCte6LCrc="
    }
  }
}
