{
	"name": "@pixi-essentials/instanced-renderer",
	"version": "0.0.1-alpha.0",
	"lockfileVersion": 1,
	"requires": true,
	"dependencies": {
		"@pixi/constants": {
			"version": "5.2.3",
			"resolved": "https://registry.npmjs.org/@pixi/constants/-/constants-5.2.3.tgz",
			"integrity": "sha512-V3JmByBu+LXMg9F/18X8F2M7LzlMXlIGBLCkpBOJnoWpyeLl0aAFBQJ7QhkWe5RFMuJ8iEQLhscBtLGeSJKURA==",
			"dev": true
		},
		"@pixi/core": {
			"version": "5.2.3",
			"resolved": "https://registry.npmjs.org/@pixi/core/-/core-5.2.3.tgz",
			"integrity": "sha512-hm3FWL+xg1nLgo55l2csYHTZxN1wnnpIAqii3MzUigR9ej8SfjYrZptG/OIr3H6UAlPFEH0z7rKJqrEI8JlXpA==",
			"dev": true,
			"requires": {
				"@pixi/constants": "5.2.3",
				"@pixi/display": "5.2.3",
				"@pixi/math": "5.2.3",
				"@pixi/runner": "5.2.3",
				"@pixi/settings": "5.2.3",
				"@pixi/ticker": "5.2.3",
				"@pixi/utils": "5.2.3"
			}
		},
		"@pixi/display": {
			"version": "5.2.3",
			"resolved": "https://registry.npmjs.org/@pixi/display/-/display-5.2.3.tgz",
			"integrity": "sha512-yXNnBGcm+NykzBCbb5AzVk+8jmCU3RZ3cfTM9WMX3JUm3B7JwCxLdXLH4SkNnA3isq7JNdW+5RoyRtpp3Y4dOQ==",
			"dev": true,
			"requires": {
				"@pixi/math": "5.2.3",
				"@pixi/settings": "5.2.3",
				"@pixi/utils": "5.2.3"
			}
		},
		"@pixi/math": {
			"version": "5.2.3",
			"resolved": "https://registry.npmjs.org/@pixi/math/-/math-5.2.3.tgz",
			"integrity": "sha512-Q8iYGca/2R23F/U1xyX9NWWccYFFYQ55KVvHIh3TsjszqXXs4KJrsUeuWy6BW/f1VMUKa5NUFFmO6RCLbkc/pw==",
			"dev": true
		},
		"@pixi/runner": {
			"version": "5.2.3",
			"resolved": "https://registry.npmjs.org/@pixi/runner/-/runner-5.2.3.tgz",
			"integrity": "sha512-/7pe7eakf5LKcAUmW1SdqEvejPN0Nx+gl4kSptYFaMGd2ukYvMA4Z584vnrEZ1fFWm5Pom74lzwGglwwTTbdXg==",
			"dev": true
		},
		"@pixi/settings": {
			"version": "5.2.3",
			"resolved": "https://registry.npmjs.org/@pixi/settings/-/settings-5.2.3.tgz",
			"integrity": "sha512-OKaYz251JmVg+MBF068scuYNxSnoSfTlpc4cPNzzelBJMmyeskgKDwLemZMstZIFQY/ytSlTYxaGAp/GZnvHiw==",
			"dev": true,
			"requires": {
				"ismobilejs": "^1.1.0"
			}
		},
		"@pixi/ticker": {
			"version": "5.2.3",
			"resolved": "https://registry.npmjs.org/@pixi/ticker/-/ticker-5.2.3.tgz",
			"integrity": "sha512-Q0VAN/JlWF61kKBdJhkdNIIeWHksOH9p4CwR9cVUyPnEcoWjKOI0xZpALKCZ0vx0pfzYPRkyJKM/qkA2EzRlOg==",
			"dev": true,
			"requires": {
				"@pixi/settings": "5.2.3"
			}
		},
		"@pixi/utils": {
			"version": "5.2.3",
			"resolved": "https://registry.npmjs.org/@pixi/utils/-/utils-5.2.3.tgz",
			"integrity": "sha512-/dZ65Wim8XTrOXS/FKKXahmSAPSV/gCGI9EK3bvr6V93iiIU0LUYRkT+uWFShiebmW6GCp35CziyHyzDz/ISIQ==",
			"dev": true,
			"requires": {
				"@pixi/constants": "5.2.3",
				"@pixi/settings": "5.2.3",
				"earcut": "^2.1.5",
				"eventemitter3": "^3.1.0",
				"url": "^0.11.0"
			}
		},
		"earcut": {
			"version": "2.2.2",
			"resolved": "https://registry.npmjs.org/earcut/-/earcut-2.2.2.tgz",
			"integrity": "sha512-eZoZPPJcUHnfRZ0PjLvx2qBordSiO8ofC3vt+qACLM95u+4DovnbYNpQtJh0DNsWj8RnxrQytD4WA8gj5cRIaQ==",
			"dev": true
		},
		"eventemitter3": {
			"version": "3.1.2",
			"resolved": "https://registry.npmjs.org/eventemitter3/-/eventemitter3-3.1.2.tgz",
			"integrity": "sha512-tvtQIeLVHjDkJYnzf2dgVMxfuSGJeM/7UCG17TT4EumTfNtF+0nebF/4zWOIkCreAbtNqhGEboB6BWrwqNaw4Q==",
			"dev": true
		},
		"ismobilejs": {
			"version": "1.1.1",
			"resolved": "https://registry.npmjs.org/ismobilejs/-/ismobilejs-1.1.1.tgz",
			"integrity": "sha512-VaFW53yt8QO61k2WJui0dHf4SlL8lxBofUuUmwBo0ljPk0Drz2TiuDW4jo3wDcv41qy/SxrJ+VAzJ/qYqsmzRw==",
			"dev": true
		},
		"pixi-batch-renderer": {
			"version": "2.1.1",
			"resolved": "https://registry.npmjs.org/pixi-batch-renderer/-/pixi-batch-renderer-2.1.1.tgz",
			"integrity": "sha512-kqp+t9FN5qcgOR7r2J+gPSC+nGnBUn8ZrHDLVQlAt3v4qS8n6t++ZPeCz+IrdtXKlm2CIUBmH8QMvdlqSW/sDw==",
			"dev": true
		},
		"punycode": {
			"version": "1.3.2",
			"resolved": "https://registry.npmjs.org/punycode/-/punycode-1.3.2.tgz",
			"integrity": "sha1-llOgNvt8HuQjQvIyXM7v6jkmxI0=",
			"dev": true
		},
		"querystring": {
			"version": "0.2.0",
			"resolved": "https://registry.npmjs.org/querystring/-/querystring-0.2.0.tgz",
			"integrity": "sha1-sgmEkgO7Jd+CDadW50cAWHhSFiA=",
			"dev": true
		},
		"url": {
			"version": "0.11.0",
			"resolved": "https://registry.npmjs.org/url/-/url-0.11.0.tgz",
			"integrity": "sha1-ODjpfPxgUh63PFJajlW/3Z4uKPE=",
			"dev": true,
			"requires": {
				"punycode": "1.3.2",
				"querystring": "0.2.0"
			}
		}
	}
}
