devDependencies:
  '@pixi/display': 5.4.0-rc.3
  '@pixi/math': 5.4.0-rc.3
lockfileVersion: 5.2
packages:
  /@pixi/constants/5.4.0-rc.3:
    dev: true
    resolution:
      integrity: sha512-88A8qz0HGcMHpNMqO+h2X9OJZnbaI7u/MevySRlr1Q9MW8rOndoodBIf+RBs2pmFJpyBt1jNfETs2nFWGd5RQg==
  /@pixi/display/5.4.0-rc.3:
    dependencies:
      '@pixi/math': 5.4.0-rc.3
      '@pixi/settings': 5.4.0-rc.3
      '@pixi/utils': 5.4.0-rc.3
    dev: true
    resolution:
      integrity: sha512-0e4RElsHMPj+2sAm1A4NwNpXWrUF2Tn3BQMu5WH0YUSP+sT6I4s09kV4rMPobpjNQuL/zKc1RtpSwhHzVmZmgg==
  /@pixi/math/5.4.0-rc.3:
    dev: true
    resolution:
      integrity: sha512-lwsW45y8jaR6VY20tFYAhTRha62rmtarEbR5RBk4qUIyXgXm0e2LRoerx82uboyvF0ieyhWSnFBvjWLWFuol/Q==
  /@pixi/settings/5.4.0-rc.3:
    dependencies:
      ismobilejs: 1.1.1
    dev: true
    resolution:
      integrity: sha512-P5QpvxTjabvscbYljFpQQa0abYyQ8b2HYWbfvfM4OHuG55BWtw2VjvlFtwtf7Wxg07akNHT5c/X+o2uR/sVJuA==
  /@pixi/utils/5.4.0-rc.3:
    dependencies:
      '@pixi/constants': 5.4.0-rc.3
      '@pixi/settings': 5.4.0-rc.3
      '@types/earcut': 2.1.1
      css-color-names: 1.0.1
      earcut: 2.2.2
      eventemitter3: 3.1.2
      url: 0.11.0
    dev: true
    resolution:
      integrity: sha512-BtvswTnJqPLqAHxONeqEifMjXphNFNij3bBX0XzDqJ7bN4ZeR14JIgc21yWM4582nCwe6D31zmCuwDA61zoNWQ==
  /@types/earcut/2.1.1:
    dev: true
    resolution:
      integrity: sha512-w8oigUCDjElRHRRrMvn/spybSMyX8MTkKA5Dv+tS1IE/TgmNZPqUYtvYBXGY8cieSE66gm+szeK+bnbxC2xHTQ==
  /css-color-names/1.0.1:
    dev: true
    resolution:
      integrity: sha512-/loXYOch1qU1biStIFsHH8SxTmOseh1IJqFvy8IujXOm1h+QjUdDhkzOrR5HG8K8mlxREj0yfi8ewCHx0eMxzA==
  /earcut/2.2.2:
    dev: true
    resolution:
      integrity: sha512-eZoZPPJcUHnfRZ0PjLvx2qBordSiO8ofC3vt+qACLM95u+4DovnbYNpQtJh0DNsWj8RnxrQytD4WA8gj5cRIaQ==
  /eventemitter3/3.1.2:
    dev: true
    resolution:
      integrity: sha512-tvtQIeLVHjDkJYnzf2dgVMxfuSGJeM/7UCG17TT4EumTfNtF+0nebF/4zWOIkCreAbtNqhGEboB6BWrwqNaw4Q==
  /ismobilejs/1.1.1:
    dev: true
    resolution:
      integrity: sha512-VaFW53yt8QO61k2WJui0dHf4SlL8lxBofUuUmwBo0ljPk0Drz2TiuDW4jo3wDcv41qy/SxrJ+VAzJ/qYqsmzRw==
  /punycode/1.3.2:
    dev: true
    resolution:
      integrity: sha1-llOgNvt8HuQjQvIyXM7v6jkmxI0=
  /querystring/0.2.0:
    dev: true
    engines:
      node: '>=0.4.x'
    resolution:
      integrity: sha1-sgmEkgO7Jd+CDadW50cAWHhSFiA=
  /url/0.11.0:
    dependencies:
      punycode: 1.3.2
      querystring: 0.2.0
    dev: true
    resolution:
      integrity: sha1-ODjpfPxgUh63PFJajlW/3Z4uKPE=
specifiers:
  '@pixi/display': ~5.4.0-rc.1
  '@pixi/math': ~5.4.0-rc.1
