{
	"name": "@pixi-essentials/conic",
	"version": "1.0.0",
	"lockfileVersion": 1,
	"requires": true,
	"dependencies": {
		"@pixi/accessibility": {
			"version": "5.3.0",
			"resolved": "https://registry.npmjs.org/@pixi/accessibility/-/accessibility-5.3.0.tgz",
			"integrity": "sha512-L1oyQH4MaVk57UR0c2Votk8ti2s8mqdTAU8ckqtV/sSckvCCcNivuOSa/1E2A92yhzg5qliZp7OQUsWvZz1u7Q==",
			"dev": true,
			"requires": {
				"@pixi/core": "5.3.0",
				"@pixi/display": "5.3.0",
				"@pixi/utils": "5.3.0"
			}
		},
		"@pixi/app": {
			"version": "5.3.0",
			"resolved": "https://registry.npmjs.org/@pixi/app/-/app-5.3.0.tgz",
			"integrity": "sha512-7U4w5EvFU9N9SMa7eBhaEMtQyHUWRHeXg1wKMIAeOcfOY9WR0KmXqWS1J1mbLtkDLG2ZVfRDS2Zs0ZhIcbL+9Q==",
			"dev": true,
			"requires": {
				"@pixi/core": "5.3.0",
				"@pixi/display": "5.3.0"
			}
		},
		"@pixi/constants": {
			"version": "5.3.0",
			"resolved": "https://registry.npmjs.org/@pixi/constants/-/constants-5.3.0.tgz",
			"integrity": "sha512-tJtzKNbKA86NZ5EYeWsZfzni9kGIAfP9ZKU5036gfvMesiERAZqYUFjDUkrxF6g8pRyxcC4QBppDmB3YIKQhMA==",
			"dev": true
		},
		"@pixi/core": {
			"version": "5.3.0",
			"resolved": "https://registry.npmjs.org/@pixi/core/-/core-5.3.0.tgz",
			"integrity": "sha512-HfEaGzzLmcTaJKQ5jyHX44e6fMjhL5qV35tsqdMS41S9dDPSwp+Rhi9kYCeOr3SC0jQH4i9Nus46kqUpszvkQA==",
			"dev": true,
			"requires": {
				"@pixi/constants": "5.3.0",
				"@pixi/math": "5.3.0",
				"@pixi/runner": "5.3.0",
				"@pixi/settings": "5.3.0",
				"@pixi/ticker": "5.3.0",
				"@pixi/utils": "5.3.0"
			}
		},
		"@pixi/display": {
			"version": "5.3.0",
			"resolved": "https://registry.npmjs.org/@pixi/display/-/display-5.3.0.tgz",
			"integrity": "sha512-3H5z9K2m70lO8asf+KIPFeeYU6b+GsZX/JQeJREvTwNU7WziL6sBjLeHsgW6/YwkDdsF8BF81GYlRRzSwka0eg==",
			"dev": true,
			"requires": {
				"@pixi/math": "5.3.0",
				"@pixi/settings": "5.3.0",
				"@pixi/utils": "5.3.0"
			}
		},
		"@pixi/extract": {
			"version": "5.3.0",
			"resolved": "https://registry.npmjs.org/@pixi/extract/-/extract-5.3.0.tgz",
			"integrity": "sha512-B3g4mlr8Je1TPrO3OrSt5sUhOJjMiqhR/BZr+ixR5hyVIXAJ79JAISBQ1WHgGYrv+v0Uq2zW/jyKffge2ksDOQ==",
			"dev": true,
			"requires": {
				"@pixi/core": "5.3.0",
				"@pixi/math": "5.3.0",
				"@pixi/utils": "5.3.0"
			}
		},
		"@pixi/filter-alpha": {
			"version": "5.3.0",
			"resolved": "https://registry.npmjs.org/@pixi/filter-alpha/-/filter-alpha-5.3.0.tgz",
			"integrity": "sha512-E/2off+dIJk45MymMQSwEmAUd+D5gmwuTNM5J9XPvJsauXkiQgmvSJTYwOBojPLgE6Tz74dwzjPfyVXhXD2OMw==",
			"dev": true,
			"requires": {
				"@pixi/core": "5.3.0"
			}
		},
		"@pixi/filter-blur": {
			"version": "5.3.0",
			"resolved": "https://registry.npmjs.org/@pixi/filter-blur/-/filter-blur-5.3.0.tgz",
			"integrity": "sha512-p/Wjy+ylrCkUuMeNneubKkNuw2b9pDxEM9Ox1wAzWwe9MXYNeU/NU3RPnU7d0XGtxK+VxpOm3ktKbghtuMzoJQ==",
			"dev": true,
			"requires": {
				"@pixi/core": "5.3.0",
				"@pixi/settings": "5.3.0"
			}
		},
		"@pixi/filter-color-matrix": {
			"version": "5.3.0",
			"resolved": "https://registry.npmjs.org/@pixi/filter-color-matrix/-/filter-color-matrix-5.3.0.tgz",
			"integrity": "sha512-TytHEkVtmVEaEKNYUtbLMxjE66FJsTRLZxdXDfbKJmYSlItvKj/Dfaau8JVntnK5hXCgQShnGZv7pQJmOZGJwQ==",
			"dev": true,
			"requires": {
				"@pixi/core": "5.3.0"
			}
		},
		"@pixi/filter-displacement": {
			"version": "5.3.0",
			"resolved": "https://registry.npmjs.org/@pixi/filter-displacement/-/filter-displacement-5.3.0.tgz",
			"integrity": "sha512-fExR6lo0WYLuxB5fWGzzE6v9rHO5Pbq2W54oa1GKCEmKgUsKlRE81TGAeSOfSlz7wilrjQkfOzAECk8Q4b1Isg==",
			"dev": true,
			"requires": {
				"@pixi/core": "5.3.0",
				"@pixi/math": "5.3.0"
			}
		},
		"@pixi/filter-fxaa": {
			"version": "5.3.0",
			"resolved": "https://registry.npmjs.org/@pixi/filter-fxaa/-/filter-fxaa-5.3.0.tgz",
			"integrity": "sha512-vQxDEYGfu7ZF1IE5GpFPcUaOfWTiUq0ZgSdHzTlOdpdQ08Cq8DgTZAxRAd2sh1RBHANpyMlaFgAJLW6zJcLAnQ==",
			"dev": true,
			"requires": {
				"@pixi/core": "5.3.0"
			}
		},
		"@pixi/filter-noise": {
			"version": "5.3.0",
			"resolved": "https://registry.npmjs.org/@pixi/filter-noise/-/filter-noise-5.3.0.tgz",
			"integrity": "sha512-mL3QjZgGBZRmuaT9j8b985dx0d0oO1B34OIV4T8mp8Mgvxt8XtnVNJyttTACRCZE7hoRw7FyiauOwiApNYG3vw==",
			"dev": true,
			"requires": {
				"@pixi/core": "5.3.0"
			}
		},
		"@pixi/graphics": {
			"version": "5.3.0",
			"resolved": "https://registry.npmjs.org/@pixi/graphics/-/graphics-5.3.0.tgz",
			"integrity": "sha512-ey+uo6oABO4uGF514LINzte4za2Ezrf0keMpmynaoN8Eafe9Uep/PEmLj2BcdoNugRzcruJLqEoSQusQHQ23Jg==",
			"dev": true,
			"requires": {
				"@pixi/constants": "5.3.0",
				"@pixi/core": "5.3.0",
				"@pixi/display": "5.3.0",
				"@pixi/math": "5.3.0",
				"@pixi/sprite": "5.3.0",
				"@pixi/utils": "5.3.0"
			}
		},
		"@pixi/interaction": {
			"version": "5.3.0",
			"resolved": "https://registry.npmjs.org/@pixi/interaction/-/interaction-5.3.0.tgz",
			"integrity": "sha512-gc3uOzZqfKD9UCjNUYL23F8eLqXF+Epnji/HtwzOFq6P9Ybr5DIrbAG/8nFS7UjHIUUbFZ/Tw5FgqgprfAfDwA==",
			"dev": true,
			"requires": {
				"@pixi/core": "5.3.0",
				"@pixi/display": "5.3.0",
				"@pixi/math": "5.3.0",
				"@pixi/ticker": "5.3.0",
				"@pixi/utils": "5.3.0"
			}
		},
		"@pixi/loaders": {
			"version": "5.3.0",
			"resolved": "https://registry.npmjs.org/@pixi/loaders/-/loaders-5.3.0.tgz",
			"integrity": "sha512-g85GUuGWjJmh59J8gVjcIIy9rz+Zurj+cgVWb1oGTmpAVn2q19VX9Wks167SW+vLlng4UWJyjOV91pKnW7Ys9g==",
			"dev": true,
			"requires": {
				"@pixi/core": "5.3.0",
				"@pixi/utils": "5.3.0",
				"resource-loader": "^3.0.1"
			}
		},
		"@pixi/math": {
			"version": "5.3.0",
			"resolved": "https://registry.npmjs.org/@pixi/math/-/math-5.3.0.tgz",
			"integrity": "sha512-tNCEJsRhlpz2AZEhs3CPS372zgONc535pnZ9LlzErhPhbaugRraTuYrVwyuTUeqpnokpzu9VMK7ywExt3VZ/gg==",
			"dev": true
		},
		"@pixi/mesh": {
			"version": "5.3.0",
			"resolved": "https://registry.npmjs.org/@pixi/mesh/-/mesh-5.3.0.tgz",
			"integrity": "sha512-E1vTvT3Mz7VOpVrDj7OuwE87hcePCZKt7vLVKMOm99WBFR1rclo/HIrQjWFpuGSRTWnE9IcLoVf0gMuBOHobJQ==",
			"dev": true,
			"requires": {
				"@pixi/constants": "5.3.0",
				"@pixi/core": "5.3.0",
				"@pixi/display": "5.3.0",
				"@pixi/math": "5.3.0",
				"@pixi/settings": "5.3.0",
				"@pixi/utils": "5.3.0"
			}
		},
		"@pixi/mesh-extras": {
			"version": "5.3.0",
			"resolved": "https://registry.npmjs.org/@pixi/mesh-extras/-/mesh-extras-5.3.0.tgz",
			"integrity": "sha512-eWPQ+HijIWNgjtmjhV8HGGFCBr83CZVgSlSEVtNUGJ9m+mZXibTXyu1KDoc3aV82G6g4rZ44b7+TITNQNJ6gyg==",
			"dev": true,
			"requires": {
				"@pixi/constants": "5.3.0",
				"@pixi/core": "5.3.0",
				"@pixi/math": "5.3.0",
				"@pixi/mesh": "5.3.0",
				"@pixi/utils": "5.3.0"
			}
		},
		"@pixi/mixin-cache-as-bitmap": {
			"version": "5.3.0",
			"resolved": "https://registry.npmjs.org/@pixi/mixin-cache-as-bitmap/-/mixin-cache-as-bitmap-5.3.0.tgz",
			"integrity": "sha512-s82wh0lsf3qK5UDkm6ze4r5mzuW48n0juQGt//2ia99lJlL1qi1EPgSJrY9Ru4ET0XG+cHtYH+pcjPzY9rGCrw==",
			"dev": true,
			"requires": {
				"@pixi/core": "5.3.0",
				"@pixi/display": "5.3.0",
				"@pixi/math": "5.3.0",
				"@pixi/settings": "5.3.0",
				"@pixi/sprite": "5.3.0",
				"@pixi/utils": "5.3.0"
			}
		},
		"@pixi/mixin-get-child-by-name": {
			"version": "5.3.0",
			"resolved": "https://registry.npmjs.org/@pixi/mixin-get-child-by-name/-/mixin-get-child-by-name-5.3.0.tgz",
			"integrity": "sha512-WlLPGAllfXx4HvemEfgosr1XB6Dw6Ds8D9xPO4HdymXuzmAKOCzgTDShZkUljTu+9k77mVxiNZ1WE0JwQr07ZQ==",
			"dev": true,
			"requires": {
				"@pixi/display": "5.3.0"
			}
		},
		"@pixi/mixin-get-global-position": {
			"version": "5.3.0",
			"resolved": "https://registry.npmjs.org/@pixi/mixin-get-global-position/-/mixin-get-global-position-5.3.0.tgz",
			"integrity": "sha512-sAq7PjcL4pu1LawRw8cEMMtBDV6cfhxtEp9LDJytilgQMHZA+iRfysbVAGrhJ7e/mPLFYqcuS2N5lFrJKssIxA==",
			"dev": true,
			"requires": {
				"@pixi/display": "5.3.0",
				"@pixi/math": "5.3.0"
			}
		},
		"@pixi/particles": {
			"version": "5.3.0",
			"resolved": "https://registry.npmjs.org/@pixi/particles/-/particles-5.3.0.tgz",
			"integrity": "sha512-i+HtGIYvrsyLgfRF+38KyPpRM58+dzlwxHzl942t1BeOb3fZXInj/mJMNX7dht9SRpF61Wj8JKSa66pmKay40A==",
			"dev": true,
			"requires": {
				"@pixi/constants": "5.3.0",
				"@pixi/core": "5.3.0",
				"@pixi/display": "5.3.0",
				"@pixi/math": "5.3.0",
				"@pixi/utils": "5.3.0"
			}
		},
		"@pixi/polyfill": {
			"version": "5.3.0",
			"resolved": "https://registry.npmjs.org/@pixi/polyfill/-/polyfill-5.3.0.tgz",
			"integrity": "sha512-virwKgMUTkak1UhdCTlsm5B8VbL06dgIPboNSMGBjCx7QtSAY0OGOlczljfQGbreWcjYdLob9kwDczmfObiX9A==",
			"dev": true,
			"requires": {
				"es6-promise-polyfill": "^1.2.0",
				"object-assign": "^4.1.1"
			}
		},
		"@pixi/prepare": {
			"version": "5.3.0",
			"resolved": "https://registry.npmjs.org/@pixi/prepare/-/prepare-5.3.0.tgz",
			"integrity": "sha512-TGzEGkMFDzA8T/zKhe98dh6VoAwT/8VAHRZyWXoHL9Zz7zb5ljC5VqyxEdwrP+mqZWu94Ru7bqM6msNEbKiMLA==",
			"dev": true,
			"requires": {
				"@pixi/core": "5.3.0",
				"@pixi/display": "5.3.0",
				"@pixi/graphics": "5.3.0",
				"@pixi/settings": "5.3.0",
				"@pixi/text": "5.3.0",
				"@pixi/ticker": "5.3.0"
			}
		},
		"@pixi/runner": {
			"version": "5.3.0",
			"resolved": "https://registry.npmjs.org/@pixi/runner/-/runner-5.3.0.tgz",
			"integrity": "sha512-E/bpmflpqvdRwqV4iyECvRz4heXIISoKRcxxyYV9wT1XstQYICifoxCN1qLqjnAZEZPbQSEnoZDXnqAOtdfWRw==",
			"dev": true
		},
		"@pixi/settings": {
			"version": "5.3.0",
			"resolved": "https://registry.npmjs.org/@pixi/settings/-/settings-5.3.0.tgz",
			"integrity": "sha512-SbxdTGSutcxi4mpUVZ45J/YmSpItC0mLuFxS2CprcvIJ6yYf6fVkm5zBIQd5XFiiidEy1hgo66JsOj7bRMJkKg==",
			"dev": true,
			"requires": {
				"ismobilejs": "^1.1.0"
			}
		},
		"@pixi/sprite": {
			"version": "5.3.0",
			"resolved": "https://registry.npmjs.org/@pixi/sprite/-/sprite-5.3.0.tgz",
			"integrity": "sha512-BOFaSYP4c1Rj9GomuwjVvT6yaXdDqV7us/xGxMZctNVA/x3KSacaS9wMgezledyPUsbSCPzOoaJKFA/ceNoakQ==",
			"dev": true,
			"requires": {
				"@pixi/constants": "5.3.0",
				"@pixi/core": "5.3.0",
				"@pixi/display": "5.3.0",
				"@pixi/math": "5.3.0",
				"@pixi/settings": "5.3.0",
				"@pixi/utils": "5.3.0"
			}
		},
		"@pixi/sprite-animated": {
			"version": "5.3.0",
			"resolved": "https://registry.npmjs.org/@pixi/sprite-animated/-/sprite-animated-5.3.0.tgz",
			"integrity": "sha512-+QizdTwanp00e1zC2aN2z69BKANbXkRsUhutAPfo7noCMaXjD2Pu9VtX4XvYrYv91E67AT6lAySuw/KG15grrA==",
			"dev": true,
			"requires": {
				"@pixi/core": "5.3.0",
				"@pixi/sprite": "5.3.0",
				"@pixi/ticker": "5.3.0"
			}
		},
		"@pixi/sprite-tiling": {
			"version": "5.3.0",
			"resolved": "https://registry.npmjs.org/@pixi/sprite-tiling/-/sprite-tiling-5.3.0.tgz",
			"integrity": "sha512-j5FTT4apvqx4USyh8lp13XmlCi6Aa/LpkVBlzccwA5xOtElXG52ArnI+dcC+USCdZH1+DCMWzHZApJ81FEvR6g==",
			"dev": true,
			"requires": {
				"@pixi/constants": "5.3.0",
				"@pixi/core": "5.3.0",
				"@pixi/display": "5.3.0",
				"@pixi/math": "5.3.0",
				"@pixi/sprite": "5.3.0",
				"@pixi/utils": "5.3.0"
			}
		},
		"@pixi/spritesheet": {
			"version": "5.3.0",
			"resolved": "https://registry.npmjs.org/@pixi/spritesheet/-/spritesheet-5.3.0.tgz",
			"integrity": "sha512-KQQPdvua3pus1OYUZgMj3V9YZwEFocFxZLkY6YMggvdcGA7slLr6rDC4C+PS6OIs4lh24RXxkqsXlz8zH4V2jg==",
			"dev": true,
			"requires": {
				"@pixi/core": "5.3.0",
				"@pixi/loaders": "5.3.0",
				"@pixi/math": "5.3.0",
				"@pixi/utils": "5.3.0"
			}
		},
		"@pixi/text": {
			"version": "5.3.0",
			"resolved": "https://registry.npmjs.org/@pixi/text/-/text-5.3.0.tgz",
			"integrity": "sha512-495dXenYu4j8nX17NWrdayEzFutY17hAzeGJH4xrPd9D89IWT87mXWJBamhTi66Isdjb67xTOUpavzWMp0ULtQ==",
			"dev": true,
			"requires": {
				"@pixi/core": "5.3.0",
				"@pixi/math": "5.3.0",
				"@pixi/settings": "5.3.0",
				"@pixi/sprite": "5.3.0",
				"@pixi/utils": "5.3.0"
			}
		},
		"@pixi/text-bitmap": {
			"version": "5.3.0",
			"resolved": "https://registry.npmjs.org/@pixi/text-bitmap/-/text-bitmap-5.3.0.tgz",
			"integrity": "sha512-e4qTFvvolAQYC5hYtVk22CKT80Av3wjsDaXV3dvJAWglLcDLxUSf7n1WVXu36YLvTDZUYU1TxPG8VSuPRNF2QA==",
			"dev": true,
			"requires": {
				"@pixi/core": "5.3.0",
				"@pixi/display": "5.3.0",
				"@pixi/loaders": "5.3.0",
				"@pixi/math": "5.3.0",
				"@pixi/mesh": "5.3.0",
				"@pixi/settings": "5.3.0",
				"@pixi/text": "5.3.0",
				"@pixi/utils": "5.3.0"
			}
		},
		"@pixi/ticker": {
			"version": "5.3.0",
			"resolved": "https://registry.npmjs.org/@pixi/ticker/-/ticker-5.3.0.tgz",
			"integrity": "sha512-W5QLwaVIiULbxurboEKv0D4JIT4MOBUWQiPy2ViAqil/bQ+iVg5zZUdv0r3L3PzX/ve1fxfS+YxJ2+8WfdDbig==",
			"dev": true,
			"requires": {
				"@pixi/settings": "5.3.0"
			}
		},
		"@pixi/utils": {
			"version": "5.3.0",
			"resolved": "https://registry.npmjs.org/@pixi/utils/-/utils-5.3.0.tgz",
			"integrity": "sha512-nKjygxKbkhiivsThrVjx5kzihlND92s4Az2qaoiLRtmn9ACXH+NsXtuz8ULjTvA6gdRhHszBbyVAuykWoe84aw==",
			"dev": true,
			"requires": {
				"@pixi/constants": "5.3.0",
				"@pixi/settings": "5.3.0",
				"earcut": "^2.1.5",
				"eventemitter3": "^3.1.0",
				"url": "^0.11.0"
			}
		},
		"earcut": {
			"version": "2.2.2",
			"resolved": "https://registry.npmjs.org/earcut/-/earcut-2.2.2.tgz",
			"integrity": "sha512-eZoZPPJcUHnfRZ0PjLvx2qBordSiO8ofC3vt+qACLM95u+4DovnbYNpQtJh0DNsWj8RnxrQytD4WA8gj5cRIaQ==",
			"dev": true
		},
		"es6-promise-polyfill": {
			"version": "1.2.0",
			"resolved": "https://registry.npmjs.org/es6-promise-polyfill/-/es6-promise-polyfill-1.2.0.tgz",
			"integrity": "sha1-84kl8jyz4+jObNqP93T867sJDN4=",
			"dev": true
		},
		"eventemitter3": {
			"version": "3.1.2",
			"resolved": "https://registry.npmjs.org/eventemitter3/-/eventemitter3-3.1.2.tgz",
			"integrity": "sha512-tvtQIeLVHjDkJYnzf2dgVMxfuSGJeM/7UCG17TT4EumTfNtF+0nebF/4zWOIkCreAbtNqhGEboB6BWrwqNaw4Q==",
			"dev": true
		},
		"gl-mat3": {
			"version": "2.0.0",
			"resolved": "https://registry.npmjs.org/gl-mat3/-/gl-mat3-2.0.0.tgz",
			"integrity": "sha512-/RfKyizhztkG+gH07lA0/OI9uXVEqDrvjza1U8kZc3Sjvn/iT1a99jyL1WtLzXMn/BYp0geE2/DsNp9GCXp28Q=="
		},
		"ismobilejs": {
			"version": "1.1.1",
			"resolved": "https://registry.npmjs.org/ismobilejs/-/ismobilejs-1.1.1.tgz",
			"integrity": "sha512-VaFW53yt8QO61k2WJui0dHf4SlL8lxBofUuUmwBo0ljPk0Drz2TiuDW4jo3wDcv41qy/SxrJ+VAzJ/qYqsmzRw==",
			"dev": true
		},
		"mini-signals": {
			"version": "1.2.0",
			"resolved": "https://registry.npmjs.org/mini-signals/-/mini-signals-1.2.0.tgz",
			"integrity": "sha1-RbCAE8X65RokqhqTXNMXye1yHXQ=",
			"dev": true
		},
		"object-assign": {
			"version": "4.1.1",
			"resolved": "https://registry.npmjs.org/object-assign/-/object-assign-4.1.1.tgz",
			"integrity": "sha1-IQmtx5ZYh8/AXLvUQsrIv7s2CGM=",
			"dev": true
		},
		"parse-uri": {
			"version": "1.0.0",
			"resolved": "https://registry.npmjs.org/parse-uri/-/parse-uri-1.0.0.tgz",
			"integrity": "sha1-KHLcwi8aeXrN4Vg9igrClVLdrCA=",
			"dev": true
		},
		"pixi-batch-renderer": {
			"version": "2.3.2",
			"resolved": "https://registry.npmjs.org/pixi-batch-renderer/-/pixi-batch-renderer-2.3.2.tgz",
			"integrity": "sha512-Wn1wf6KtkHvZRkdGJwQ1nY9LXI/FW+iPAlDq8Xpmrr8pwXTPY0EK8eAvM2uCpZXTu0iCN5oE5/lFLg98nF+YmQ==",
			"dev": true
		},
		"pixi.js": {
			"version": "5.3.0",
			"resolved": "https://registry.npmjs.org/pixi.js/-/pixi.js-5.3.0.tgz",
			"integrity": "sha512-6hrQn5F5EPBPR3QTwQYJvOR0OqHVKrITE+rxo061yIUvOjFboTDB6piBSCJ4elZwfkIRLPm1/mwgoSrPovnpBg==",
			"dev": true,
			"requires": {
				"@pixi/accessibility": "5.3.0",
				"@pixi/app": "5.3.0",
				"@pixi/constants": "5.3.0",
				"@pixi/core": "5.3.0",
				"@pixi/display": "5.3.0",
				"@pixi/extract": "5.3.0",
				"@pixi/filter-alpha": "5.3.0",
				"@pixi/filter-blur": "5.3.0",
				"@pixi/filter-color-matrix": "5.3.0",
				"@pixi/filter-displacement": "5.3.0",
				"@pixi/filter-fxaa": "5.3.0",
				"@pixi/filter-noise": "5.3.0",
				"@pixi/graphics": "5.3.0",
				"@pixi/interaction": "5.3.0",
				"@pixi/loaders": "5.3.0",
				"@pixi/math": "5.3.0",
				"@pixi/mesh": "5.3.0",
				"@pixi/mesh-extras": "5.3.0",
				"@pixi/mixin-cache-as-bitmap": "5.3.0",
				"@pixi/mixin-get-child-by-name": "5.3.0",
				"@pixi/mixin-get-global-position": "5.3.0",
				"@pixi/particles": "5.3.0",
				"@pixi/polyfill": "5.3.0",
				"@pixi/prepare": "5.3.0",
				"@pixi/runner": "5.3.0",
				"@pixi/settings": "5.3.0",
				"@pixi/sprite": "5.3.0",
				"@pixi/sprite-animated": "5.3.0",
				"@pixi/sprite-tiling": "5.3.0",
				"@pixi/spritesheet": "5.3.0",
				"@pixi/text": "5.3.0",
				"@pixi/text-bitmap": "5.3.0",
				"@pixi/ticker": "5.3.0",
				"@pixi/utils": "5.3.0"
			}
		},
		"punycode": {
			"version": "1.3.2",
			"resolved": "https://registry.npmjs.org/punycode/-/punycode-1.3.2.tgz",
			"integrity": "sha1-llOgNvt8HuQjQvIyXM7v6jkmxI0=",
			"dev": true
		},
		"querystring": {
			"version": "0.2.0",
			"resolved": "https://registry.npmjs.org/querystring/-/querystring-0.2.0.tgz",
			"integrity": "sha1-sgmEkgO7Jd+CDadW50cAWHhSFiA=",
			"dev": true
		},
		"resource-loader": {
			"version": "3.0.1",
			"resolved": "https://registry.npmjs.org/resource-loader/-/resource-loader-3.0.1.tgz",
			"integrity": "sha512-fBuCRbEHdLCI1eglzQhUv9Rrdcmqkydr1r6uHE2cYHvRBrcLXeSmbE/qI/urFt8rPr/IGxir3BUwM5kUK8XoyA==",
			"dev": true,
			"requires": {
				"mini-signals": "^1.2.0",
				"parse-uri": "^1.0.0"
			}
		},
		"url": {
			"version": "0.11.0",
			"resolved": "https://registry.npmjs.org/url/-/url-0.11.0.tgz",
			"integrity": "sha1-ODjpfPxgUh63PFJajlW/3Z4uKPE=",
			"dev": true,
			"requires": {
				"punycode": "1.3.2",
				"querystring": "0.2.0"
			}
		}
	}
}
