dependencies:
  '@pixi-essentials/object-pool': 'link:'
devDependencies:
  '@microsoft/api-extractor': 7.7.13
  '@pixi/ticker': 5.2.1
lockfileVersion: 5.1
packages:
  /@microsoft/api-extractor-model/7.7.11:
    dependencies:
      '@microsoft/tsdoc': 0.12.19
      '@rushstack/node-core-library': 3.19.7
    dev: true
    resolution:
      integrity: sha512-Kf3RytYDq7sP4ASaaA9IcvaOPbVj1Xj34E2Wxd9DznI7sG4HzcpoOGmxaZHCzyYVh7wfAaAlvcXf3SV+djhNZw==
  /@microsoft/api-extractor/7.7.13:
    dependencies:
      '@microsoft/api-extractor-model': 7.7.11
      '@microsoft/tsdoc': 0.12.19
      '@rushstack/node-core-library': 3.19.7
      '@rushstack/ts-command-line': 4.3.14
      colors: 1.2.5
      lodash: 4.17.19
      resolve: 1.8.1
      source-map: 0.6.1
      typescript: 3.7.5
    dev: true
    hasBin: true
    resolution:
      integrity: sha512-7+EGunGd7OSfDxZl4aDI4qMWG98+I84vTryNadti+IfgpB9IyhJtgA4r3dCG7hewTwKACBhi5aPqpH2C7l/30A==
  /@microsoft/tsdoc/0.12.19:
    dev: true
    resolution:
      integrity: sha512-IpgPxHrNxZiMNUSXqR1l/gePKPkfAmIKoDRP9hp7OwjU29ZR8WCJsOJ8iBKgw0Qk+pFwR+8Y1cy8ImLY6e9m4A==
  /@pixi/settings/5.2.1:
    dependencies:
      ismobilejs: 1.1.1
    dev: true
    resolution:
      integrity: sha512-QQfCywlYrWKUekn06P2hy1KR5MYXUyqVU0fbqEItjsH3RvN0LzE9ry2sDxf53qQ2/uCjKDXcT59YV9JcHEfwHA==
  /@pixi/ticker/5.2.1:
    dependencies:
      '@pixi/settings': 5.2.1
    dev: true
    resolution:
      integrity: sha512-xC2kfTjmThjo9VO28snfgvpLEJRzseTPBLP+LFn9fBqmuL17Pw+/eXgWsrTeizEOiTy+4NsaplMWdRs91UM8uw==
  /@rushstack/node-core-library/3.19.7:
    dependencies:
      '@types/node': 10.17.13
      colors: 1.2.5
      fs-extra: 7.0.1
      jju: 1.4.0
      semver: 5.3.0
      timsort: 0.3.0
      z-schema: 3.18.4
    dev: true
    resolution:
      integrity: sha512-gKE/OXH5GAj8yJ1kEyRW68UekJernilZ3QTRgmQ0MUHBCQmtZ9Q6T5PQ1sVbcL4teH8BMdpZeFy1DKnHs8h3PA==
  /@rushstack/ts-command-line/4.3.14:
    dependencies:
      '@types/argparse': 1.0.33
      argparse: 1.0.10
      colors: 1.2.5
    dev: true
    resolution:
      integrity: sha512-YJZIyKvkm3f6ZdKSfMntHS9542Y2mmMWzaiPPoXxLFZntKxEIDE3WfUNlvOSo3yK4fNd09Tz3hfvTivQNHSiKQ==
  /@types/argparse/1.0.33:
    dev: true
    resolution:
      integrity: sha512-VQgHxyPMTj3hIlq9SY1mctqx+Jj8kpQfoLvDlVSDNOyuYs8JYfkuY3OW/4+dO657yPmNhHpePRx0/Tje5ImNVQ==
  /@types/node/10.17.13:
    dev: true
    resolution:
      integrity: sha512-pMCcqU2zT4TjqYFrWtYHKal7Sl30Ims6ulZ4UFXxI4xbtQqK/qqKwkDoBFCfooRqqmRu9vY3xaJRwxSh673aYg==
  /argparse/1.0.10:
    dependencies:
      sprintf-js: 1.0.3
    dev: true
    resolution:
      integrity: sha512-o5Roy6tNG4SL/FOkCAN6RzjiakZS25RLYFrcMttJqbdd8BWrnA+fGz57iN5Pb06pvBGvl5gQ0B48dJlslXvoTg==
  /colors/1.2.5:
    dev: true
    engines:
      node: '>=0.1.90'
    resolution:
      integrity: sha512-erNRLao/Y3Fv54qUa0LBB+//Uf3YwMUmdJinN20yMXm9zdKKqH9wt7R9IIVZ+K7ShzfpLV/Zg8+VyrBJYB4lpg==
  /commander/2.20.3:
    dev: true
    optional: true
    resolution:
      integrity: sha512-GpVkmM8vF2vQUkj2LvZmD35JxeJOLCwJ9cUkugyk2nuhbv3+mJvpLYYt+0+USMxE+oj+ey/lJEnhZw75x/OMcQ==
  /fs-extra/7.0.1:
    dependencies:
      graceful-fs: 4.2.4
      jsonfile: 4.0.0
      universalify: 0.1.2
    dev: true
    engines:
      node: '>=6 <7 || >=8'
    resolution:
      integrity: sha512-YJDaCJZEnBmcbw13fvdAM9AwNOJwOzrE4pqMqBq5nFiEqXUqHwlK4B+3pUw6JNvfSPtX05xFHtYy/1ni01eGCw==
  /graceful-fs/4.2.4:
    dev: true
    resolution:
      integrity: sha512-WjKPNJF79dtJAVniUlGGWHYGz2jWxT6VhN/4m1NdkbZ2nOsEF+cI1Edgql5zCRhs/VsQYRvrXctxktVXZUkixw==
  /ismobilejs/1.1.1:
    dev: true
    resolution:
      integrity: sha512-VaFW53yt8QO61k2WJui0dHf4SlL8lxBofUuUmwBo0ljPk0Drz2TiuDW4jo3wDcv41qy/SxrJ+VAzJ/qYqsmzRw==
  /jju/1.4.0:
    dev: true
    resolution:
      integrity: sha1-o6vicYryQaKykE+EpiWXDzia4yo=
  /jsonfile/4.0.0:
    dev: true
    optionalDependencies:
      graceful-fs: 4.2.4
    resolution:
      integrity: sha1-h3Gq4HmbZAdrdmQPygWPnBDjPss=
  /lodash.get/4.4.2:
    dev: true
    resolution:
      integrity: sha1-LRd/ZS+jHpObRDjVNBSZ36OCXpk=
  /lodash.isequal/4.5.0:
    dev: true
    resolution:
      integrity: sha1-QVxEePK8wwEgwizhDtMib30+GOA=
  /lodash/4.17.19:
    dev: true
    resolution:
      integrity: sha512-JNvd8XER9GQX0v2qJgsaN/mzFCNA5BRe/j8JN9d+tWyGLSodKQHKFicdwNYzWwI3wjRnaKPsGj1XkBjx/F96DQ==
  /path-parse/1.0.6:
    dev: true
    resolution:
      integrity: sha512-GSmOT2EbHrINBf9SR7CDELwlJ8AENk3Qn7OikK4nFYAu3Ote2+JYNVvkpAEQm3/TLNEJFD/xZJjzyxg3KBWOzw==
  /resolve/1.8.1:
    dependencies:
      path-parse: 1.0.6
    dev: true
    resolution:
      integrity: sha512-AicPrAC7Qu1JxPCZ9ZgCZlY35QgFnNqc+0LtbRNxnVw4TXvjQ72wnuL9JQcEBgXkI9JM8MsT9kaQoHcpCRJOYA==
  /semver/5.3.0:
    dev: true
    hasBin: true
    resolution:
      integrity: sha1-myzl094C0XxgEq0yaqa00M9U+U8=
  /source-map/0.6.1:
    dev: true
    engines:
      node: '>=0.10.0'
    resolution:
      integrity: sha512-UjgapumWlbMhkBgzT7Ykc5YXUT46F0iKu8SGXq0bcwP5dz/h0Plj6enJqjz1Zbq2l5WaqYnrVbwWOWMyF3F47g==
  /sprintf-js/1.0.3:
    dev: true
    resolution:
      integrity: sha1-BOaSb2YolTVPPdAVIDYzuFcpfiw=
  /timsort/0.3.0:
    dev: true
    resolution:
      integrity: sha1-QFQRqOfmM5/mTbmiNN4R3DHgK9Q=
  /typescript/3.7.5:
    dev: true
    engines:
      node: '>=4.2.0'
    hasBin: true
    resolution:
      integrity: sha512-/P5lkRXkWHNAbcJIiHPfRoKqyd7bsyCma1hZNUGfn20qm64T6ZBlrzprymeu918H+mB/0rIg2gGK/BXkhhYgBw==
  /universalify/0.1.2:
    dev: true
    engines:
      node: '>= 4.0.0'
    resolution:
      integrity: sha512-rBJeI5CXAlmy1pV+617WB9J63U6XcazHHF2f2dbJix4XzpUF0RS3Zbj0FGIOCAva5P/d/GBOYaACQ1w+0azUkg==
  /validator/8.2.0:
    dev: true
    engines:
      node: '>= 0.10'
    resolution:
      integrity: sha512-Yw5wW34fSv5spzTXNkokD6S6/Oq92d8q/t14TqsS3fAiA1RYnxSFSIZ+CY3n6PGGRCq5HhJTSepQvFUS2QUDxA==
  /z-schema/3.18.4:
    dependencies:
      lodash.get: 4.4.2
      lodash.isequal: 4.5.0
      validator: 8.2.0
    dev: true
    hasBin: true
    optionalDependencies:
      commander: 2.20.3
    resolution:
      integrity: sha512-DUOKC/IhbkdLKKiV89gw9DUauTV8U/8yJl1sjf6MtDmzevLKOF2duNJ495S3MFVjqZarr+qNGCPbkg4mu4PpLw==
specifiers:
  '@microsoft/api-extractor': 7.7.13
  '@pixi-essentials/object-pool': 'link:'
  '@pixi/ticker': 5.2.1
